
Microsoft Visual Studio Solution File, Format Version 12.00
# Visual Studio Version 16
VisualStudioVersion = 16.0.31624.102
MinimumVisualStudioVersion = 10.0.40219.1
Project("{FAE04EC0-301F-11D3-BF4B-00C04F79EFBC}") = "EstructurasControl", "EstructurasControl.csproj", "{6BDFA1AD-F046-4789-9E72-ACA959F8AB16}"
EndProject
Global
	GlobalSection(SolutionConfigurationPlatforms) = preSolution
		Debug|Any CPU = Debug|Any CPU
		Release|Any CPU = Release|Any CPU
	EndGlobalSection
	GlobalSection(ProjectConfigurationPlatforms) = postSolution
		{6BDFA1AD-F046-4789-9E72-ACA959F8AB16}.Debug|Any CPU.ActiveCfg = Debug|Any CPU
		{6BDFA1AD-F046-4789-9E72-ACA959F8AB16}.Debug|Any CPU.Build.0 = Debug|Any CPU
		{6BDFA1AD-F046-4789-9E72-ACA959F8AB16}.Release|Any CPU.ActiveCfg = Release|Any CPU
		{6BDFA1AD-F046-4789-9E72-ACA959F8AB16}.Release|Any CPU.Build.0 = Release|Any CPU
	EndGlobalSection
	GlobalSection(SolutionProperties) = preSolution
		HideSolutionNode = FALSE
	EndGlobalSection
	GlobalSection(ExtensibilityGlobals) = postSolution
		SolutionGuid = {4A8807E8-D725-4908-B944-17952798888F}
	EndGlobalSection
EndGlobal
